{
  "lockfileVersion": 1,
  "configVersion": 1,
  "workspaces": {
    "": {
      "name": "herdr-plugin-marketplace-worker",
      "dependencies": {
        "smol-toml": "1.7.1",
      },
    },
  },
  "packages": {
    "smol-toml": ["smol-toml@1.7.1", "", {}, "sha512-PPlsspAZ4jbMBu5DMFhfUGDQLu/vrL4SyBROVS37x8ynnVmFIs1VPBz1Co8Xks3TvpIaZXmU85y4DrQ+UyVFoQ=="],
  }
}
